
Microsoft Visual Studio Solution File, Format Version 12.00
# Visual Studio 2012
Project("{FAE04EC0-301F-11D3-BF4B-00C04F79EFBC}") = "WindowsFormsApplication1", "WindowsFormsApplication1\WindowsFormsApplication1.csproj", "{9E6BD7E1-D23C-484E-A8D6-FE7F2382412F}"
EndProject
Project("{FAE04EC0-301F-11D3-BF4B-00C04F79EFBC}") = "GGLib", "GGLib\GGLib.csproj", "{C6C8C8DF-279B-49D2-952C-8F9D8E8EBA32}"
EndProject
Project("{2150E333-8FDC-42A3-9474-1A3956D46DE8}") = "ExtDependencies", "ExtDependencies", "{E327437F-6874-4C16-86F7-02CFAFA27ECB}"
	ProjectSection(SolutionItems) = preProject
		ExtDependencies\ApiV2Client.dll = ExtDependencies\ApiV2Client.dll
		ExtDependencies\ApiV2Client.XmlSerializers.dll = ExtDependencies\ApiV2Client.XmlSerializers.dll
		ExtDependencies\auth-config.xml = ExtDependencies\auth-config.xml
	EndProjectSection
EndProject
Project("{FAE04EC0-301F-11D3-BF4B-00C04F79EFBC}") = "UnitTestProject1", "UnitTestProject1\UnitTestProject1.csproj", "{FB7C93C1-29D7-49E2-A110-A9341132A448}"
EndProject
Project("{2150E333-8FDC-42A3-9474-1A3956D46DE8}") = "UI", "UI", "{BC0B8D6B-B76B-499F-9D47-49F22A55B276}"
EndProject
Project("{2150E333-8FDC-42A3-9474-1A3956D46DE8}") = "Lib", "Lib", "{F9DE3C0F-E6D4-45C9-BFCC-B42934E6A57C}"
EndProject
Project("{2150E333-8FDC-42A3-9474-1A3956D46DE8}") = "Data", "Data", "{B6F412FD-BA76-426F-B686-DC4877B7406C}"
EndProject
Project("{FAE04EC0-301F-11D3-BF4B-00C04F79EFBC}") = "StorMan.Data", "StorMan.Data\StorMan.Data.csproj", "{70DB102E-9A73-4473-949D-C6D68871B850}"
EndProject
Project("{FAE04EC0-301F-11D3-BF4B-00C04F79EFBC}") = "StorMan.Web", "StorMan.Web\StorMan.Web.csproj", "{38AE0387-F37C-4CDA-94C9-1E9C705201E3}"
EndProject
Global
	GlobalSection(SolutionConfigurationPlatforms) = preSolution
		Debug|Any CPU = Debug|Any CPU
		Release|Any CPU = Release|Any CPU
	EndGlobalSection
	GlobalSection(ProjectConfigurationPlatforms) = postSolution
		{9E6BD7E1-D23C-484E-A8D6-FE7F2382412F}.Debug|Any CPU.ActiveCfg = Debug|Any CPU
		{9E6BD7E1-D23C-484E-A8D6-FE7F2382412F}.Debug|Any CPU.Build.0 = Debug|Any CPU
		{9E6BD7E1-D23C-484E-A8D6-FE7F2382412F}.Release|Any CPU.ActiveCfg = Release|Any CPU
		{9E6BD7E1-D23C-484E-A8D6-FE7F2382412F}.Release|Any CPU.Build.0 = Release|Any CPU
		{C6C8C8DF-279B-49D2-952C-8F9D8E8EBA32}.Debug|Any CPU.ActiveCfg = Debug|Any CPU
		{C6C8C8DF-279B-49D2-952C-8F9D8E8EBA32}.Debug|Any CPU.Build.0 = Debug|Any CPU
		{C6C8C8DF-279B-49D2-952C-8F9D8E8EBA32}.Release|Any CPU.ActiveCfg = Release|Any CPU
		{C6C8C8DF-279B-49D2-952C-8F9D8E8EBA32}.Release|Any CPU.Build.0 = Release|Any CPU
		{FB7C93C1-29D7-49E2-A110-A9341132A448}.Debug|Any CPU.ActiveCfg = Debug|Any CPU
		{FB7C93C1-29D7-49E2-A110-A9341132A448}.Debug|Any CPU.Build.0 = Debug|Any CPU
		{FB7C93C1-29D7-49E2-A110-A9341132A448}.Release|Any CPU.ActiveCfg = Release|Any CPU
		{FB7C93C1-29D7-49E2-A110-A9341132A448}.Release|Any CPU.Build.0 = Release|Any CPU
		{70DB102E-9A73-4473-949D-C6D68871B850}.Debug|Any CPU.ActiveCfg = Debug|Any CPU
		{70DB102E-9A73-4473-949D-C6D68871B850}.Debug|Any CPU.Build.0 = Debug|Any CPU
		{70DB102E-9A73-4473-949D-C6D68871B850}.Release|Any CPU.ActiveCfg = Release|Any CPU
		{70DB102E-9A73-4473-949D-C6D68871B850}.Release|Any CPU.Build.0 = Release|Any CPU
		{38AE0387-F37C-4CDA-94C9-1E9C705201E3}.Debug|Any CPU.ActiveCfg = Debug|Any CPU
		{38AE0387-F37C-4CDA-94C9-1E9C705201E3}.Debug|Any CPU.Build.0 = Debug|Any CPU
		{38AE0387-F37C-4CDA-94C9-1E9C705201E3}.Release|Any CPU.ActiveCfg = Release|Any CPU
		{38AE0387-F37C-4CDA-94C9-1E9C705201E3}.Release|Any CPU.Build.0 = Release|Any CPU
	EndGlobalSection
	GlobalSection(SolutionProperties) = preSolution
		HideSolutionNode = FALSE
	EndGlobalSection
	GlobalSection(NestedProjects) = preSolution
		{C6C8C8DF-279B-49D2-952C-8F9D8E8EBA32} = {F9DE3C0F-E6D4-45C9-BFCC-B42934E6A57C}
		{38AE0387-F37C-4CDA-94C9-1E9C705201E3} = {BC0B8D6B-B76B-499F-9D47-49F22A55B276}
		{70DB102E-9A73-4473-949D-C6D68871B850} = {B6F412FD-BA76-426F-B686-DC4877B7406C}
	EndGlobalSection
EndGlobal
