
Microsoft Visual Studio Solution File, Format Version 12.00
# Visual Studio 2012
Project("{FAE04EC0-301F-11D3-BF4B-00C04F79EFBC}") = "WindowsFormsApplication1", "WindowsFormsApplication1\WindowsFormsApplication1.csproj", "{9E6BD7E1-D23C-484E-A8D6-FE7F2382412F}"
EndProject
Project("{FAE04EC0-301F-11D3-BF4B-00C04F79EFBC}") = "GGLib", "GGLib\GGLib.csproj", "{C6C8C8DF-279B-49D2-952C-8F9D8E8EBA32}"
EndProject
Project("{2150E333-8FDC-42A3-9474-1A3956D46DE8}") = "ExtDependencies", "ExtDependencies", "{E327437F-6874-4C16-86F7-02CFAFA27ECB}"
	ProjectSection(SolutionItems) = preProject
		ExtDependencies\ApiV2Client.dll = ExtDependencies\ApiV2Client.dll
		ExtDependencies\ApiV2Client.XmlSerializers.dll = ExtDependencies\ApiV2Client.XmlSerializers.dll
		ExtDependencies\auth-config.xml = ExtDependencies\auth-config.xml
		ExtDependencies\RouteDebug.dll = ExtDependencies\RouteDebug.dll
	EndProjectSection
EndProject
Project("{FAE04EC0-301F-11D3-BF4B-00C04F79EFBC}") = "UnitTestProject1", "UnitTestProject1\UnitTestProject1.csproj", "{FB7C93C1-29D7-49E2-A110-A9341132A448}"
EndProject
Project("{2150E333-8FDC-42A3-9474-1A3956D46DE8}") = "UI", "UI", "{BC0B8D6B-B76B-499F-9D47-49F22A55B276}"
EndProject
Project("{2150E333-8FDC-42A3-9474-1A3956D46DE8}") = "Lib", "Lib", "{F9DE3C0F-E6D4-45C9-BFCC-B42934E6A57C}"
EndProject
Project("{2150E333-8FDC-42A3-9474-1A3956D46DE8}") = "Data", "Data", "{B6F412FD-BA76-426F-B686-DC4877B7406C}"
EndProject
Project("{FAE04EC0-301F-11D3-BF4B-00C04F79EFBC}") = "StorMan.Data", "StorMan.Data\StorMan.Data.csproj", "{70DB102E-9A73-4473-949D-C6D68871B850}"
EndProject
Project("{2150E333-8FDC-42A3-9474-1A3956D46DE8}") = "Business", "Business", "{11BAF651-610B-4BA4-B31E-C14224975C01}"
EndProject
Project("{FAE04EC0-301F-11D3-BF4B-00C04F79EFBC}") = "StorMan.Business", "StorMan.Business\StorMan.Business.csproj", "{DCC5B325-EB8C-44E9-B989-C40751C82067}"
EndProject
Project("{2150E333-8FDC-42A3-9474-1A3956D46DE8}") = "Model", "Model", "{5D7065C5-5E14-4489-94DC-25454F1ED414}"
EndProject
Project("{FAE04EC0-301F-11D3-BF4B-00C04F79EFBC}") = "StorMan.Model", "StorMan.Model\StorMan.Model.csproj", "{23C64DFB-C284-47AE-B839-025B089A522D}"
EndProject
Project("{2150E333-8FDC-42A3-9474-1A3956D46DE8}") = "Test", "Test", "{52C3412E-AD3B-4C8F-8987-4EFCF3D3F76A}"
EndProject
Project("{FAE04EC0-301F-11D3-BF4B-00C04F79EFBC}") = "ElektrostilXmlEditor", "ElektrostilXmlEditor\ElektrostilXmlEditor.csproj", "{DD649428-D02F-4F0A-B82C-8AB458406B6B}"
EndProject
Project("{FAE04EC0-301F-11D3-BF4B-00C04F79EFBC}") = "AbvLib", "AbvLib\AbvLib.csproj", "{AB4CB60E-46B1-4C8F-ACAE-B5680F2D8A2A}"
EndProject
Project("{2150E333-8FDC-42A3-9474-1A3956D46DE8}") = "DevExpress", "DevExpress", "{B2F05D94-7A16-4516-B824-8A565BA6D344}"
	ProjectSection(SolutionItems) = preProject
		ExtDependencies\DevExpress\DevExpress.BonusSkins.v10.1.dll = ExtDependencies\DevExpress\DevExpress.BonusSkins.v10.1.dll
		ExtDependencies\DevExpress\DevExpress.Charts.v10.1.Core.dll = ExtDependencies\DevExpress\DevExpress.Charts.v10.1.Core.dll
		ExtDependencies\DevExpress\DevExpress.Data.v10.1.Compact.dll = ExtDependencies\DevExpress\DevExpress.Data.v10.1.Compact.dll
		ExtDependencies\DevExpress\DevExpress.Data.v10.1.dll = ExtDependencies\DevExpress\DevExpress.Data.v10.1.dll
		ExtDependencies\DevExpress\DevExpress.Design.v10.1.dll = ExtDependencies\DevExpress\DevExpress.Design.v10.1.dll
		ExtDependencies\DevExpress\DevExpress.OfficeSkins.v10.1.dll = ExtDependencies\DevExpress\DevExpress.OfficeSkins.v10.1.dll
		ExtDependencies\DevExpress\DevExpress.RichEdit.v10.1.Core.dll = ExtDependencies\DevExpress\DevExpress.RichEdit.v10.1.Core.dll
		ExtDependencies\DevExpress\DevExpress.Utils.v10.1.dll = ExtDependencies\DevExpress\DevExpress.Utils.v10.1.dll
		ExtDependencies\DevExpress\DevExpress.XtraBars.v10.1.Design.dll = ExtDependencies\DevExpress\DevExpress.XtraBars.v10.1.Design.dll
		ExtDependencies\DevExpress\DevExpress.XtraBars.v10.1.dll = ExtDependencies\DevExpress\DevExpress.XtraBars.v10.1.dll
		ExtDependencies\DevExpress\DevExpress.XtraCharts.v10.1.Design.dll = ExtDependencies\DevExpress\DevExpress.XtraCharts.v10.1.Design.dll
		ExtDependencies\DevExpress\DevExpress.XtraCharts.v10.1.dll = ExtDependencies\DevExpress\DevExpress.XtraCharts.v10.1.dll
		ExtDependencies\DevExpress\DevExpress.XtraCharts.v10.1.Extensions.dll = ExtDependencies\DevExpress\DevExpress.XtraCharts.v10.1.Extensions.dll
		ExtDependencies\DevExpress\DevExpress.XtraCharts.v10.1.UI.dll = ExtDependencies\DevExpress\DevExpress.XtraCharts.v10.1.UI.dll
		ExtDependencies\DevExpress\DevExpress.XtraEditors.v10.1.Design.dll = ExtDependencies\DevExpress\DevExpress.XtraEditors.v10.1.Design.dll
		ExtDependencies\DevExpress\DevExpress.XtraEditors.v10.1.dll = ExtDependencies\DevExpress\DevExpress.XtraEditors.v10.1.dll
		ExtDependencies\DevExpress\DevExpress.XtraGauges.v10.1.Core.dll = ExtDependencies\DevExpress\DevExpress.XtraGauges.v10.1.Core.dll
		ExtDependencies\DevExpress\DevExpress.XtraGauges.v10.1.Design.Win.dll = ExtDependencies\DevExpress\DevExpress.XtraGauges.v10.1.Design.Win.dll
		ExtDependencies\DevExpress\DevExpress.XtraGauges.v10.1.Presets.dll = ExtDependencies\DevExpress\DevExpress.XtraGauges.v10.1.Presets.dll
		ExtDependencies\DevExpress\DevExpress.XtraGauges.v10.1.Win.dll = ExtDependencies\DevExpress\DevExpress.XtraGauges.v10.1.Win.dll
		ExtDependencies\DevExpress\DevExpress.XtraGrid.v10.1.Design.dll = ExtDependencies\DevExpress\DevExpress.XtraGrid.v10.1.Design.dll
		ExtDependencies\DevExpress\DevExpress.XtraGrid.v10.1.dll = ExtDependencies\DevExpress\DevExpress.XtraGrid.v10.1.dll
		ExtDependencies\DevExpress\DevExpress.XtraLayout.v10.1.Design.dll = ExtDependencies\DevExpress\DevExpress.XtraLayout.v10.1.Design.dll
		ExtDependencies\DevExpress\DevExpress.XtraLayout.v10.1.dll = ExtDependencies\DevExpress\DevExpress.XtraLayout.v10.1.dll
		ExtDependencies\DevExpress\DevExpress.XtraNavBar.v10.1.Design.dll = ExtDependencies\DevExpress\DevExpress.XtraNavBar.v10.1.Design.dll
		ExtDependencies\DevExpress\DevExpress.XtraNavBar.v10.1.dll = ExtDependencies\DevExpress\DevExpress.XtraNavBar.v10.1.dll
		ExtDependencies\DevExpress\DevExpress.XtraPivotGrid.v10.1.Core.dll = ExtDependencies\DevExpress\DevExpress.XtraPivotGrid.v10.1.Core.dll
		ExtDependencies\DevExpress\DevExpress.XtraPivotGrid.v10.1.Design.dll = ExtDependencies\DevExpress\DevExpress.XtraPivotGrid.v10.1.Design.dll
		ExtDependencies\DevExpress\DevExpress.XtraPivotGrid.v10.1.dll = ExtDependencies\DevExpress\DevExpress.XtraPivotGrid.v10.1.dll
		ExtDependencies\DevExpress\DevExpress.XtraPrinting.v10.1.Design.dll = ExtDependencies\DevExpress\DevExpress.XtraPrinting.v10.1.Design.dll
		ExtDependencies\DevExpress\DevExpress.XtraPrinting.v10.1.dll = ExtDependencies\DevExpress\DevExpress.XtraPrinting.v10.1.dll
		ExtDependencies\DevExpress\DevExpress.XtraReports.v10.1.Design.dll = ExtDependencies\DevExpress\DevExpress.XtraReports.v10.1.Design.dll
		ExtDependencies\DevExpress\DevExpress.XtraReports.v10.1.dll = ExtDependencies\DevExpress\DevExpress.XtraReports.v10.1.dll
		ExtDependencies\DevExpress\DevExpress.XtraReports.v10.1.Extensions.dll = ExtDependencies\DevExpress\DevExpress.XtraReports.v10.1.Extensions.dll
		ExtDependencies\DevExpress\DevExpress.XtraReports.v10.1.Service.dll = ExtDependencies\DevExpress\DevExpress.XtraReports.v10.1.Service.dll
		ExtDependencies\DevExpress\DevExpress.XtraReports.v10.1.Web.dll = ExtDependencies\DevExpress\DevExpress.XtraReports.v10.1.Web.dll
		ExtDependencies\DevExpress\DevExpress.XtraRichEdit.v10.1.Design.dll = ExtDependencies\DevExpress\DevExpress.XtraRichEdit.v10.1.Design.dll
		ExtDependencies\DevExpress\DevExpress.XtraRichEdit.v10.1.dll = ExtDependencies\DevExpress\DevExpress.XtraRichEdit.v10.1.dll
		ExtDependencies\DevExpress\DevExpress.XtraRichEdit.v10.1.Extensions.dll = ExtDependencies\DevExpress\DevExpress.XtraRichEdit.v10.1.Extensions.dll
		ExtDependencies\DevExpress\DevExpress.XtraRichEdit.v10.1.Printing.dll = ExtDependencies\DevExpress\DevExpress.XtraRichEdit.v10.1.Printing.dll
		ExtDependencies\DevExpress\DevExpress.XtraTreeList.v10.1.Design.dll = ExtDependencies\DevExpress\DevExpress.XtraTreeList.v10.1.Design.dll
		ExtDependencies\DevExpress\DevExpress.XtraTreeList.v10.1.dll = ExtDependencies\DevExpress\DevExpress.XtraTreeList.v10.1.dll
		ExtDependencies\DevExpress\DevExpress.XtraVerticalGrid.v10.1.Design.dll = ExtDependencies\DevExpress\DevExpress.XtraVerticalGrid.v10.1.Design.dll
		ExtDependencies\DevExpress\DevExpress.XtraVerticalGrid.v10.1.dll = ExtDependencies\DevExpress\DevExpress.XtraVerticalGrid.v10.1.dll
		ExtDependencies\DevExpress\DevExpress.XtraWizard.v10.1.Design.dll = ExtDependencies\DevExpress\DevExpress.XtraWizard.v10.1.Design.dll
		ExtDependencies\DevExpress\DevExpress.XtraWizard.v10.1.dll = ExtDependencies\DevExpress\DevExpress.XtraWizard.v10.1.dll
	EndProjectSection
EndProject
Project("{FAE04EC0-301F-11D3-BF4B-00C04F79EFBC}") = "StorMan.Web", "StorMan.Web\StorMan.Web.csproj", "{D1FE1D7E-03B5-4BB6-BD0C-37F9C8A99B3A}"
EndProject
Project("{FAE04EC0-301F-11D3-BF4B-00C04F79EFBC}") = "StorMan.UI", "StorMan.UI\StorMan.UI.csproj", "{639B5934-42A3-44C5-A2AC-CB7170C2F5DC}"
EndProject
Project("{2150E333-8FDC-42A3-9474-1A3956D46DE8}") = "DevExpress.12.2", "DevExpress.12.2", "{BFC34D3D-F9D2-41FC-A214-31EA8F43C786}"
	ProjectSection(SolutionItems) = preProject
		ExtDependencies\DevExpress.12.2\DevExpress.BonusSkins.v12.2.dll = ExtDependencies\DevExpress.12.2\DevExpress.BonusSkins.v12.2.dll
		ExtDependencies\DevExpress.12.2\DevExpress.Charts.v12.2.Core.dll = ExtDependencies\DevExpress.12.2\DevExpress.Charts.v12.2.Core.dll
		ExtDependencies\DevExpress.12.2\DevExpress.Data.v12.2.dll = ExtDependencies\DevExpress.12.2\DevExpress.Data.v12.2.dll
		ExtDependencies\DevExpress.12.2\DevExpress.Printing.v12.2.Core.dll = ExtDependencies\DevExpress.12.2\DevExpress.Printing.v12.2.Core.dll
		ExtDependencies\DevExpress.12.2\DevExpress.Utils.v12.2.dll = ExtDependencies\DevExpress.12.2\DevExpress.Utils.v12.2.dll
		ExtDependencies\DevExpress.12.2\DevExpress.XtraBars.v12.2.dll = ExtDependencies\DevExpress.12.2\DevExpress.XtraBars.v12.2.dll
		ExtDependencies\DevExpress.12.2\DevExpress.XtraCharts.v12.2.dll = ExtDependencies\DevExpress.12.2\DevExpress.XtraCharts.v12.2.dll
		ExtDependencies\DevExpress.12.2\DevExpress.XtraCharts.v12.2.Extensions.dll = ExtDependencies\DevExpress.12.2\DevExpress.XtraCharts.v12.2.Extensions.dll
		ExtDependencies\DevExpress.12.2\DevExpress.XtraEditors.v12.2.dll = ExtDependencies\DevExpress.12.2\DevExpress.XtraEditors.v12.2.dll
		ExtDependencies\DevExpress.12.2\DevExpress.XtraGrid.v12.2.dll = ExtDependencies\DevExpress.12.2\DevExpress.XtraGrid.v12.2.dll
		ExtDependencies\DevExpress.12.2\DevExpress.XtraPivotGrid.v12.2.dll = ExtDependencies\DevExpress.12.2\DevExpress.XtraPivotGrid.v12.2.dll
		ExtDependencies\DevExpress.12.2\DevExpress.XtraPrinting.v12.2.dll = ExtDependencies\DevExpress.12.2\DevExpress.XtraPrinting.v12.2.dll
		ExtDependencies\DevExpress.12.2\DevExpress.XtraReports.v12.2.dll = ExtDependencies\DevExpress.12.2\DevExpress.XtraReports.v12.2.dll
		ExtDependencies\DevExpress.12.2\DevExpress.XtraReports.v12.2.Extensions.dll = ExtDependencies\DevExpress.12.2\DevExpress.XtraReports.v12.2.Extensions.dll
		ExtDependencies\DevExpress.12.2\DevExpress.XtraRichEdit.v12.2.dll = ExtDependencies\DevExpress.12.2\DevExpress.XtraRichEdit.v12.2.dll
		ExtDependencies\DevExpress.12.2\DevExpress.XtraTreeList.v12.2.dll = ExtDependencies\DevExpress.12.2\DevExpress.XtraTreeList.v12.2.dll
		ExtDependencies\DevExpress.12.2\DevExpress.XtraVerticalGrid.v12.2.dll = ExtDependencies\DevExpress.12.2\DevExpress.XtraVerticalGrid.v12.2.dll
		ExtDependencies\DevExpress.12.2\DevExpress.XtraWizard.v12.2.dll = ExtDependencies\DevExpress.12.2\DevExpress.XtraWizard.v12.2.dll
	EndProjectSection
EndProject
Global
	GlobalSection(SolutionConfigurationPlatforms) = preSolution
		Debug|Any CPU = Debug|Any CPU
		Release|Any CPU = Release|Any CPU
	EndGlobalSection
	GlobalSection(ProjectConfigurationPlatforms) = postSolution
		{9E6BD7E1-D23C-484E-A8D6-FE7F2382412F}.Debug|Any CPU.ActiveCfg = Debug|Any CPU
		{9E6BD7E1-D23C-484E-A8D6-FE7F2382412F}.Debug|Any CPU.Build.0 = Debug|Any CPU
		{9E6BD7E1-D23C-484E-A8D6-FE7F2382412F}.Release|Any CPU.ActiveCfg = Release|Any CPU
		{9E6BD7E1-D23C-484E-A8D6-FE7F2382412F}.Release|Any CPU.Build.0 = Release|Any CPU
		{C6C8C8DF-279B-49D2-952C-8F9D8E8EBA32}.Debug|Any CPU.ActiveCfg = Debug|Any CPU
		{C6C8C8DF-279B-49D2-952C-8F9D8E8EBA32}.Debug|Any CPU.Build.0 = Debug|Any CPU
		{C6C8C8DF-279B-49D2-952C-8F9D8E8EBA32}.Release|Any CPU.ActiveCfg = Release|Any CPU
		{C6C8C8DF-279B-49D2-952C-8F9D8E8EBA32}.Release|Any CPU.Build.0 = Release|Any CPU
		{FB7C93C1-29D7-49E2-A110-A9341132A448}.Debug|Any CPU.ActiveCfg = Debug|Any CPU
		{FB7C93C1-29D7-49E2-A110-A9341132A448}.Debug|Any CPU.Build.0 = Debug|Any CPU
		{FB7C93C1-29D7-49E2-A110-A9341132A448}.Release|Any CPU.ActiveCfg = Release|Any CPU
		{FB7C93C1-29D7-49E2-A110-A9341132A448}.Release|Any CPU.Build.0 = Release|Any CPU
		{70DB102E-9A73-4473-949D-C6D68871B850}.Debug|Any CPU.ActiveCfg = Debug|Any CPU
		{70DB102E-9A73-4473-949D-C6D68871B850}.Debug|Any CPU.Build.0 = Debug|Any CPU
		{70DB102E-9A73-4473-949D-C6D68871B850}.Release|Any CPU.ActiveCfg = Release|Any CPU
		{70DB102E-9A73-4473-949D-C6D68871B850}.Release|Any CPU.Build.0 = Release|Any CPU
		{DCC5B325-EB8C-44E9-B989-C40751C82067}.Debug|Any CPU.ActiveCfg = Debug|Any CPU
		{DCC5B325-EB8C-44E9-B989-C40751C82067}.Debug|Any CPU.Build.0 = Debug|Any CPU
		{DCC5B325-EB8C-44E9-B989-C40751C82067}.Release|Any CPU.ActiveCfg = Release|Any CPU
		{DCC5B325-EB8C-44E9-B989-C40751C82067}.Release|Any CPU.Build.0 = Release|Any CPU
		{23C64DFB-C284-47AE-B839-025B089A522D}.Debug|Any CPU.ActiveCfg = Debug|Any CPU
		{23C64DFB-C284-47AE-B839-025B089A522D}.Debug|Any CPU.Build.0 = Debug|Any CPU
		{23C64DFB-C284-47AE-B839-025B089A522D}.Release|Any CPU.ActiveCfg = Release|Any CPU
		{23C64DFB-C284-47AE-B839-025B089A522D}.Release|Any CPU.Build.0 = Release|Any CPU
		{DD649428-D02F-4F0A-B82C-8AB458406B6B}.Debug|Any CPU.ActiveCfg = Debug|Any CPU
		{DD649428-D02F-4F0A-B82C-8AB458406B6B}.Debug|Any CPU.Build.0 = Debug|Any CPU
		{DD649428-D02F-4F0A-B82C-8AB458406B6B}.Release|Any CPU.ActiveCfg = Release|Any CPU
		{DD649428-D02F-4F0A-B82C-8AB458406B6B}.Release|Any CPU.Build.0 = Release|Any CPU
		{AB4CB60E-46B1-4C8F-ACAE-B5680F2D8A2A}.Debug|Any CPU.ActiveCfg = Debug|Any CPU
		{AB4CB60E-46B1-4C8F-ACAE-B5680F2D8A2A}.Debug|Any CPU.Build.0 = Debug|Any CPU
		{AB4CB60E-46B1-4C8F-ACAE-B5680F2D8A2A}.Release|Any CPU.ActiveCfg = Release|Any CPU
		{AB4CB60E-46B1-4C8F-ACAE-B5680F2D8A2A}.Release|Any CPU.Build.0 = Release|Any CPU
		{D1FE1D7E-03B5-4BB6-BD0C-37F9C8A99B3A}.Debug|Any CPU.ActiveCfg = Debug|Any CPU
		{D1FE1D7E-03B5-4BB6-BD0C-37F9C8A99B3A}.Debug|Any CPU.Build.0 = Debug|Any CPU
		{D1FE1D7E-03B5-4BB6-BD0C-37F9C8A99B3A}.Release|Any CPU.ActiveCfg = Release|Any CPU
		{D1FE1D7E-03B5-4BB6-BD0C-37F9C8A99B3A}.Release|Any CPU.Build.0 = Release|Any CPU
		{639B5934-42A3-44C5-A2AC-CB7170C2F5DC}.Debug|Any CPU.ActiveCfg = Debug|Any CPU
		{639B5934-42A3-44C5-A2AC-CB7170C2F5DC}.Debug|Any CPU.Build.0 = Debug|Any CPU
		{639B5934-42A3-44C5-A2AC-CB7170C2F5DC}.Release|Any CPU.ActiveCfg = Release|Any CPU
		{639B5934-42A3-44C5-A2AC-CB7170C2F5DC}.Release|Any CPU.Build.0 = Release|Any CPU
	EndGlobalSection
	GlobalSection(SolutionProperties) = preSolution
		HideSolutionNode = FALSE
	EndGlobalSection
	GlobalSection(NestedProjects) = preSolution
		{FB7C93C1-29D7-49E2-A110-A9341132A448} = {52C3412E-AD3B-4C8F-8987-4EFCF3D3F76A}
		{9E6BD7E1-D23C-484E-A8D6-FE7F2382412F} = {52C3412E-AD3B-4C8F-8987-4EFCF3D3F76A}
		{C6C8C8DF-279B-49D2-952C-8F9D8E8EBA32} = {F9DE3C0F-E6D4-45C9-BFCC-B42934E6A57C}
		{AB4CB60E-46B1-4C8F-ACAE-B5680F2D8A2A} = {F9DE3C0F-E6D4-45C9-BFCC-B42934E6A57C}
		{B2F05D94-7A16-4516-B824-8A565BA6D344} = {E327437F-6874-4C16-86F7-02CFAFA27ECB}
		{BFC34D3D-F9D2-41FC-A214-31EA8F43C786} = {E327437F-6874-4C16-86F7-02CFAFA27ECB}
		{DD649428-D02F-4F0A-B82C-8AB458406B6B} = {BC0B8D6B-B76B-499F-9D47-49F22A55B276}
		{D1FE1D7E-03B5-4BB6-BD0C-37F9C8A99B3A} = {BC0B8D6B-B76B-499F-9D47-49F22A55B276}
		{639B5934-42A3-44C5-A2AC-CB7170C2F5DC} = {BC0B8D6B-B76B-499F-9D47-49F22A55B276}
		{70DB102E-9A73-4473-949D-C6D68871B850} = {B6F412FD-BA76-426F-B686-DC4877B7406C}
		{DCC5B325-EB8C-44E9-B989-C40751C82067} = {11BAF651-610B-4BA4-B31E-C14224975C01}
		{23C64DFB-C284-47AE-B839-025B089A522D} = {5D7065C5-5E14-4489-94DC-25454F1ED414}
	EndGlobalSection
EndGlobal
